
Microsoft Visual Studio Solution File, Format Version 12.00
# Visual Studio 15
VisualStudioVersion = 15.0.28307.779
MinimumVisualStudioVersion = 10.0.40219.1
Project("{FAE04EC0-301F-11D3-BF4B-00C04F79EFBC}") = "ExpanderCodes", "ExpanderCodes\ExpanderCodes.csproj", "{3514073A-AB37-4657-92AB-0385257C54FE}"
EndProject
Global
	GlobalSection(SolutionConfigurationPlatforms) = preSolution
		Debug|Any CPU = Debug|Any CPU
		Release|Any CPU = Release|Any CPU
	EndGlobalSection
	GlobalSection(ProjectConfigurationPlatforms) = postSolution
		{3514073A-AB37-4657-92AB-0385257C54FE}.Debug|Any CPU.ActiveCfg = Debug|Any CPU
		{3514073A-AB37-4657-92AB-0385257C54FE}.Debug|Any CPU.Build.0 = Debug|Any CPU
		{3514073A-AB37-4657-92AB-0385257C54FE}.Release|Any CPU.ActiveCfg = Release|Any CPU
		{3514073A-AB37-4657-92AB-0385257C54FE}.Release|Any CPU.Build.0 = Release|Any CPU
	EndGlobalSection
	GlobalSection(SolutionProperties) = preSolution
		HideSolutionNode = FALSE
	EndGlobalSection
	GlobalSection(ExtensibilityGlobals) = postSolution
		SolutionGuid = {B7FC1838-4084-41C0-969E-2E468DEBB895}
	EndGlobalSection
EndGlobal
