
Microsoft Visual Studio Solution File, Format Version 12.00
# Visual Studio 15
VisualStudioVersion = 15.0.28307.779
MinimumVisualStudioVersion = 10.0.40219.1
Project("{FAE04EC0-301F-11D3-BF4B-00C04F79EFBC}") = "Exercicio2", "Exercicio2\Exercicio2.csproj", "{7F83D782-A9E5-47AE-B178-DF8C3FB8D224}"
EndProject
Global
	GlobalSection(SolutionConfigurationPlatforms) = preSolution
		Debug|Any CPU = Debug|Any CPU
		Release|Any CPU = Release|Any CPU
	EndGlobalSection
	GlobalSection(ProjectConfigurationPlatforms) = postSolution
		{7F83D782-A9E5-47AE-B178-DF8C3FB8D224}.Debug|Any CPU.ActiveCfg = Debug|Any CPU
		{7F83D782-A9E5-47AE-B178-DF8C3FB8D224}.Debug|Any CPU.Build.0 = Debug|Any CPU
		{7F83D782-A9E5-47AE-B178-DF8C3FB8D224}.Release|Any CPU.ActiveCfg = Release|Any CPU
		{7F83D782-A9E5-47AE-B178-DF8C3FB8D224}.Release|Any CPU.Build.0 = Release|Any CPU
	EndGlobalSection
	GlobalSection(SolutionProperties) = preSolution
		HideSolutionNode = FALSE
	EndGlobalSection
	GlobalSection(ExtensibilityGlobals) = postSolution
		SolutionGuid = {DE2A15E6-D592-4BFA-AEDB-2268A34348AA}
	EndGlobalSection
EndGlobal
