
Microsoft Visual Studio Solution File, Format Version 12.00
# Visual Studio 15
VisualStudioVersion = 15.0.28307.779
MinimumVisualStudioVersion = 10.0.40219.1
Project("{FAE04EC0-301F-11D3-BF4B-00C04F79EFBC}") = "Exercicio4", "Exercicio4\Exercicio4.csproj", "{4D0B7D5D-8CE3-4E43-8AA3-C4DE25B53363}"
EndProject
Global
	GlobalSection(SolutionConfigurationPlatforms) = preSolution
		Debug|Any CPU = Debug|Any CPU
		Release|Any CPU = Release|Any CPU
	EndGlobalSection
	GlobalSection(ProjectConfigurationPlatforms) = postSolution
		{4D0B7D5D-8CE3-4E43-8AA3-C4DE25B53363}.Debug|Any CPU.ActiveCfg = Debug|Any CPU
		{4D0B7D5D-8CE3-4E43-8AA3-C4DE25B53363}.Debug|Any CPU.Build.0 = Debug|Any CPU
		{4D0B7D5D-8CE3-4E43-8AA3-C4DE25B53363}.Release|Any CPU.ActiveCfg = Release|Any CPU
		{4D0B7D5D-8CE3-4E43-8AA3-C4DE25B53363}.Release|Any CPU.Build.0 = Release|Any CPU
	EndGlobalSection
	GlobalSection(SolutionProperties) = preSolution
		HideSolutionNode = FALSE
	EndGlobalSection
	GlobalSection(ExtensibilityGlobals) = postSolution
		SolutionGuid = {D7198754-B8E7-47FF-A11D-EA7D82AED9A6}
	EndGlobalSection
EndGlobal
